
Microsoft Visual Studio Solution File, Format Version 12.00
# Visual Studio Version 16
VisualStudioVersion = 16.0.31701.349
MinimumVisualStudioVersion = 10.0.40219.1
Project("{9A19103F-16F7-4668-BE54-9A1E7A4F7556}") = "PhrasebookBackendService", "PhrasebookBackendService\PhrasebookBackendService.csproj", "{667511D8-132A-45E9-A885-CB5B418F091B}"
EndProject
Project("{9A19103F-16F7-4668-BE54-9A1E7A4F7556}") = "Phrasebook.Data", "Phrasebook.Data\Phrasebook.Data.csproj", "{576362F9-606A-4B13-A16C-36641F37CB28}"
EndProject
Project("{9A19103F-16F7-4668-BE54-9A1E7A4F7556}") = "Phrasebook.Data.Dto", "Phrasebook.Data.Dto\Phrasebook.Data.Dto.csproj", "{3CD825DC-9788-4DFD-8D74-57DEF226F072}"
EndProject
Project("{9A19103F-16F7-4668-BE54-9A1E7A4F7556}") = "Phrasebook.Common", "Phrasebook.Common\Phrasebook.Common.csproj", "{2815B024-9FCA-4ACA-8D5B-6A7CDE88E4EE}"
EndProject
Global
	GlobalSection(SolutionConfigurationPlatforms) = preSolution
		Debug|Any CPU = Debug|Any CPU
		Release|Any CPU = Release|Any CPU
	EndGlobalSection
	GlobalSection(ProjectConfigurationPlatforms) = postSolution
		{667511D8-132A-45E9-A885-CB5B418F091B}.Debug|Any CPU.ActiveCfg = Debug|Any CPU
		{667511D8-132A-45E9-A885-CB5B418F091B}.Debug|Any CPU.Build.0 = Debug|Any CPU
		{667511D8-132A-45E9-A885-CB5B418F091B}.Release|Any CPU.ActiveCfg = Release|Any CPU
		{667511D8-132A-45E9-A885-CB5B418F091B}.Release|Any CPU.Build.0 = Release|Any CPU
		{576362F9-606A-4B13-A16C-36641F37CB28}.Debug|Any CPU.ActiveCfg = Debug|Any CPU
		{576362F9-606A-4B13-A16C-36641F37CB28}.Debug|Any CPU.Build.0 = Debug|Any CPU
		{576362F9-606A-4B13-A16C-36641F37CB28}.Release|Any CPU.ActiveCfg = Release|Any CPU
		{576362F9-606A-4B13-A16C-36641F37CB28}.Release|Any CPU.Build.0 = Release|Any CPU
		{3CD825DC-9788-4DFD-8D74-57DEF226F072}.Debug|Any CPU.ActiveCfg = Debug|Any CPU
		{3CD825DC-9788-4DFD-8D74-57DEF226F072}.Debug|Any CPU.Build.0 = Debug|Any CPU
		{3CD825DC-9788-4DFD-8D74-57DEF226F072}.Release|Any CPU.ActiveCfg = Release|Any CPU
		{3CD825DC-9788-4DFD-8D74-57DEF226F072}.Release|Any CPU.Build.0 = Release|Any CPU
		{2815B024-9FCA-4ACA-8D5B-6A7CDE88E4EE}.Debug|Any CPU.ActiveCfg = Debug|Any CPU
		{2815B024-9FCA-4ACA-8D5B-6A7CDE88E4EE}.Debug|Any CPU.Build.0 = Debug|Any CPU
		{2815B024-9FCA-4ACA-8D5B-6A7CDE88E4EE}.Release|Any CPU.ActiveCfg = Release|Any CPU
		{2815B024-9FCA-4ACA-8D5B-6A7CDE88E4EE}.Release|Any CPU.Build.0 = Release|Any CPU
	EndGlobalSection
	GlobalSection(SolutionProperties) = preSolution
		HideSolutionNode = FALSE
	EndGlobalSection
	GlobalSection(ExtensibilityGlobals) = postSolution
		SolutionGuid = {223CE15D-E1EC-4C72-B46B-F508032D28E7}
	EndGlobalSection
EndGlobal
